
Microsoft Visual Studio Solution File, Format Version 12.00
# Visual Studio 2013
VisualStudioVersion = 12.0.40629.0
MinimumVisualStudioVersion = 10.0.40219.1
Project("{FAE04EC0-301F-11D3-BF4B-00C04F79EFBC}") = "TINPOS_Project", "TINPOS_Project\TINPOS_Project.csproj", "{2FAF8ADC-8D8D-42EA-AD4C-BA966B052CE8}"
EndProject
Project("{FAE04EC0-301F-11D3-BF4B-00C04F79EFBC}") = "ExternalTools", "ExternalTools\ExternalTools.csproj", "{0C24DBFC-FDDA-4D26-93E3-EA85068F74DF}"
EndProject
Global
	GlobalSection(SolutionConfigurationPlatforms) = preSolution
		Debug|Any CPU = Debug|Any CPU
		Release|Any CPU = Release|Any CPU
	EndGlobalSection
	GlobalSection(ProjectConfigurationPlatforms) = postSolution
		{2FAF8ADC-8D8D-42EA-AD4C-BA966B052CE8}.Debug|Any CPU.ActiveCfg = Debug|Any CPU
		{2FAF8ADC-8D8D-42EA-AD4C-BA966B052CE8}.Debug|Any CPU.Build.0 = Debug|Any CPU
		{2FAF8ADC-8D8D-42EA-AD4C-BA966B052CE8}.Release|Any CPU.ActiveCfg = Release|Any CPU
		{2FAF8ADC-8D8D-42EA-AD4C-BA966B052CE8}.Release|Any CPU.Build.0 = Release|Any CPU
		{0C24DBFC-FDDA-4D26-93E3-EA85068F74DF}.Debug|Any CPU.ActiveCfg = Debug|Any CPU
		{0C24DBFC-FDDA-4D26-93E3-EA85068F74DF}.Debug|Any CPU.Build.0 = Debug|Any CPU
		{0C24DBFC-FDDA-4D26-93E3-EA85068F74DF}.Release|Any CPU.ActiveCfg = Release|Any CPU
		{0C24DBFC-FDDA-4D26-93E3-EA85068F74DF}.Release|Any CPU.Build.0 = Release|Any CPU
	EndGlobalSection
	GlobalSection(SolutionProperties) = preSolution
		HideSolutionNode = FALSE
	EndGlobalSection
EndGlobal
